// !$*UTF8*$!
{
	archiveVersion = 1;
	classes = {
	};
	objectVersion = 48;
	objects = {

/* Begin PBXBuildFile section */
		371AE8ED1F924F8E00276BFB /* HomeViewController.swift in Sources */ = {isa = PBXBuildFile; fileRef = 371AE8EC1F924F8E00276BFB /* HomeViewController.swift */; };
		37309BE51F91C1D900DE9036 /* AppDelegate.swift in Sources */ = {isa = PBXBuildFile; fileRef = 37309BE41F91C1D900DE9036 /* AppDelegate.swift */; };
		37309BEA1F91C1D900DE9036 /* Main.storyboard in Resources */ = {isa = PBXBuildFile; fileRef = 37309BE81F91C1D900DE9036 /* Main.storyboard */; };
		37309BEC1F91C1D900DE9036 /* Assets.xcassets in Resources */ = {isa = PBXBuildFile; fileRef = 37309BEB1F91C1D900DE9036 /* Assets.xcassets */; };
		37309BEF1F91C1D900DE9036 /* LaunchScreen.storyboard in Resources */ = {isa = PBXBuildFile; fileRef = 37309BED1F91C1D900DE9036 /* LaunchScreen.storyboard */; };
		37309BF71F91C41800DE9036 /* LoginViewController.swift in Sources */ = {isa = PBXBuildFile; fileRef = 37309BF61F91C41800DE9036 /* LoginViewController.swift */; };
		37309BFE1F91E06000DE9036 /* FacebookLogin.framework in Frameworks */ = {isa = PBXBuildFile; fileRef = 37309BF91F91E06000DE9036 /* FacebookLogin.framework */; };
		37309BFF1F91E06000DE9036 /* FBSDKLoginKit.framework in Frameworks */ = {isa = PBXBuildFile; fileRef = 37309BFA1F91E06000DE9036 /* FBSDKLoginKit.framework */; };
		37309C001F91E06000DE9036 /* FacebookShare.framework in Frameworks */ = {isa = PBXBuildFile; fileRef = 37309BFB1F91E06000DE9036 /* FacebookShare.framework */; };
		37309C011F91E06000DE9036 /* FacebookCore.framework in Frameworks */ = {isa = PBXBuildFile; fileRef = 37309BFC1F91E06000DE9036 /* FacebookCore.framework */; };
		37309C021F91E06000DE9036 /* FBSDKCoreKit.framework in Frameworks */ = {isa = PBXBuildFile; fileRef = 37309BFD1F91E06000DE9036 /* FBSDKCoreKit.framework */; };
		37309C041F91E07B00DE9036 /* FBSDKShareKit.framework in Frameworks */ = {isa = PBXBuildFile; fileRef = 37309C031F91E07B00DE9036 /* FBSDKShareKit.framework */; };
		37309C081F91E33300DE9036 /* Bolts.framework in Frameworks */ = {isa = PBXBuildFile; fileRef = 37309C071F91E33200DE9036 /* Bolts.framework */; };
/* End PBXBuildFile section */

/* Begin PBXFileReference section */
		371AE8EC1F924F8E00276BFB /* HomeViewController.swift */ = {isa = PBXFileReference; lastKnownFileType = sourcecode.swift; path = HomeViewController.swift; sourceTree = "<group>"; };
		37309BE11F91C1D900DE9036 /* SmartNeighborhood.app */ = {isa = PBXFileReference; explicitFileType = wrapper.application; includeInIndex = 0; path = SmartNeighborhood.app; sourceTree = BUILT_PRODUCTS_DIR; };
		37309BE41F91C1D900DE9036 /* AppDelegate.swift */ = {isa = PBXFileReference; lastKnownFileType = sourcecode.swift; path = AppDelegate.swift; sourceTree = "<group>"; };
		37309BE91F91C1D900DE9036 /* Base */ = {isa = PBXFileReference; lastKnownFileType = file.storyboard; name = Base; path = Base.lproj/Main.storyboard; sourceTree = "<group>"; };
		37309BEB1F91C1D900DE9036 /* Assets.xcassets */ = {isa = PBXFileReference; lastKnownFileType = folder.assetcatalog; path = Assets.xcassets; sourceTree = "<group>"; };
		37309BEE1F91C1D900DE9036 /* Base */ = {isa = PBXFileReference; lastKnownFileType = file.storyboard; name = Base; path = Base.lproj/LaunchScreen.storyboard; sourceTree = "<group>"; };
		37309BF01F91C1D900DE9036 /* Info.plist */ = {isa = PBXFileReference; lastKnownFileType = text.plist.xml; path = Info.plist; sourceTree = "<group>"; };
		37309BF61F91C41800DE9036 /* LoginViewController.swift */ = {isa = PBXFileReference; lastKnownFileType = sourcecode.swift; path = LoginViewController.swift; sourceTree = "<group>"; };
		37309BF91F91E06000DE9036 /* FacebookLogin.framework */ = {isa = PBXFileReference; lastKnownFileType = wrapper.framework; name = FacebookLogin.framework; path = Carthage/Build/iOS/FacebookLogin.framework; sourceTree = "<group>"; };
		37309BFA1F91E06000DE9036 /* FBSDKLoginKit.framework */ = {isa = PBXFileReference; lastKnownFileType = wrapper.framework; name = FBSDKLoginKit.framework; path = Carthage/Build/iOS/FBSDKLoginKit.framework; sourceTree = "<group>"; };
		37309BFB1F91E06000DE9036 /* FacebookShare.framework */ = {isa = PBXFileReference; lastKnownFileType = wrapper.framework; name = FacebookShare.framework; path = Carthage/Build/iOS/FacebookShare.framework; sourceTree = "<group>"; };
		37309BFC1F91E06000DE9036 /* FacebookCore.framework */ = {isa = PBXFileReference; lastKnownFileType = wrapper.framework; name = FacebookCore.framework; path = Carthage/Build/iOS/FacebookCore.framework; sourceTree = "<group>"; };
		37309BFD1F91E06000DE9036 /* FBSDKCoreKit.framework */ = {isa = PBXFileReference; lastKnownFileType = wrapper.framework; name = FBSDKCoreKit.framework; path = Carthage/Build/iOS/FBSDKCoreKit.framework; sourceTree = "<group>"; };
		37309C031F91E07B00DE9036 /* FBSDKShareKit.framework */ = {isa = PBXFileReference; lastKnownFileType = wrapper.framework; name = FBSDKShareKit.framework; path = Carthage/Build/iOS/FBSDKShareKit.framework; sourceTree = "<group>"; };
		37309C071F91E33200DE9036 /* Bolts.framework */ = {isa = PBXFileReference; lastKnownFileType = wrapper.framework; name = Bolts.framework; path = Carthage/Build/iOS/Bolts.framework; sourceTree = "<group>"; };
		37309C091F922AF100DE9036 /* SmartNeighborhood.entitlements */ = {isa = PBXFileReference; lastKnownFileType = text.plist.entitlements; path = SmartNeighborhood.entitlements; sourceTree = "<group>"; };
/* End PBXFileReference section */

/* Begin PBXFrameworksBuildPhase section */
		37309BDE1F91C1D900DE9036 /* Frameworks */ = {
			isa = PBXFrameworksBuildPhase;
			buildActionMask = 2147483647;
			files = (
				37309C081F91E33300DE9036 /* Bolts.framework in Frameworks */,
				37309C041F91E07B00DE9036 /* FBSDKShareKit.framework in Frameworks */,
				37309BFE1F91E06000DE9036 /* FacebookLogin.framework in Frameworks */,
				37309BFF1F91E06000DE9036 /* FBSDKLoginKit.framework in Frameworks */,
				37309C001F91E06000DE9036 /* FacebookShare.framework in Frameworks */,
				37309C011F91E06000DE9036 /* FacebookCore.framework in Frameworks */,
				37309C021F91E06000DE9036 /* FBSDKCoreKit.framework in Frameworks */,
			);
			runOnlyForDeploymentPostprocessing = 0;
		};
/* End PBXFrameworksBuildPhase section */

/* Begin PBXGroup section */
		37309BD81F91C1D900DE9036 = {
			isa = PBXGroup;
			children = (
				37309BE31F91C1D900DE9036 /* SmartNeighborhood */,
				37309BE21F91C1D900DE9036 /* Products */,
				37309BF81F91E05F00DE9036 /* Frameworks */,
			);
			sourceTree = "<group>";
		};
		37309BE21F91C1D900DE9036 /* Products */ = {
			isa = PBXGroup;
			children = (
				37309BE11F91C1D900DE9036 /* SmartNeighborhood.app */,
			);
			name = Products;
			sourceTree = "<group>";
		};
		37309BE31F91C1D900DE9036 /* SmartNeighborhood */ = {
			isa = PBXGroup;
			children = (
				37309C091F922AF100DE9036 /* SmartNeighborhood.entitlements */,
				37309BE41F91C1D900DE9036 /* AppDelegate.swift */,
				37309BE81F91C1D900DE9036 /* Main.storyboard */,
				37309BEB1F91C1D900DE9036 /* Assets.xcassets */,
				37309BF61F91C41800DE9036 /* LoginViewController.swift */,
				371AE8EC1F924F8E00276BFB /* HomeViewController.swift */,
				37309BED1F91C1D900DE9036 /* LaunchScreen.storyboard */,
				37309BF01F91C1D900DE9036 /* Info.plist */,
			);
			path = SmartNeighborhood;
			sourceTree = "<group>";
		};
		37309BF81F91E05F00DE9036 /* Frameworks */ = {
			isa = PBXGroup;
			children = (
				37309C071F91E33200DE9036 /* Bolts.framework */,
				37309C031F91E07B00DE9036 /* FBSDKShareKit.framework */,
				37309BFC1F91E06000DE9036 /* FacebookCore.framework */,
				37309BF91F91E06000DE9036 /* FacebookLogin.framework */,
				37309BFB1F91E06000DE9036 /* FacebookShare.framework */,
				37309BFD1F91E06000DE9036 /* FBSDKCoreKit.framework */,
				37309BFA1F91E06000DE9036 /* FBSDKLoginKit.framework */,
			);
			name = Frameworks;
			sourceTree = "<group>";
		};
/* End PBXGroup section */

/* Begin PBXNativeTarget section */
		37309BE01F91C1D900DE9036 /* SmartNeighborhood */ = {
			isa = PBXNativeTarget;
			buildConfigurationList = 37309BF31F91C1D900DE9036 /* Build configuration list for PBXNativeTarget "SmartNeighborhood" */;
			buildPhases = (
				37309BDD1F91C1D900DE9036 /* Sources */,
				37309BDE1F91C1D900DE9036 /* Frameworks */,
				37309BDF1F91C1D900DE9036 /* Resources */,
				37309C051F91E09B00DE9036 /* ShellScript */,
			);
			buildRules = (
			);
			dependencies = (
			);
			name = SmartNeighborhood;
			productName = SmartNeighborhood;
			productReference = 37309BE11F91C1D900DE9036 /* SmartNeighborhood.app */;
			productType = "com.apple.product-type.application";
		};
/* End PBXNativeTarget section */

/* Begin PBXProject section */
		37309BD91F91C1D900DE9036 /* Project object */ = {
			isa = PBXProject;
			attributes = {
				LastSwiftUpdateCheck = 0900;
				LastUpgradeCheck = 0900;
				ORGANIZATIONNAME = "Amanda Rawls";
				TargetAttributes = {
					37309BE01F91C1D900DE9036 = {
						CreatedOnToolsVersion = 9.0;
						ProvisioningStyle = Automatic;
						SystemCapabilities = {
							com.apple.Keychain = {
								enabled = 0;
							};
							com.apple.Maps.iOS = {
								enabled = 0;
							};
							com.apple.Push = {
								enabled = 1;
							};
						};
					};
				};
			};
			buildConfigurationList = 37309BDC1F91C1D900DE9036 /* Build configuration list for PBXProject "SmartNeighborhood" */;
			compatibilityVersion = "Xcode 8.0";
			developmentRegion = en;
			hasScannedForEncodings = 0;
			knownRegions = (
				en,
				Base,
			);
			mainGroup = 37309BD81F91C1D900DE9036;
			productRefGroup = 37309BE21F91C1D900DE9036 /* Products */;
			projectDirPath = "";
			projectRoot = "";
			targets = (
				37309BE01F91C1D900DE9036 /* SmartNeighborhood */,
			);
		};
/* End PBXProject section */

/* Begin PBXResourcesBuildPhase section */
		37309BDF1F91C1D900DE9036 /* Resources */ = {
			isa = PBXResourcesBuildPhase;
			buildActionMask = 2147483647;
			files = (
				37309BEF1F91C1D900DE9036 /* LaunchScreen.storyboard in Resources */,
				37309BEC1F91C1D900DE9036 /* Assets.xcassets in Resources */,
				37309BEA1F91C1D900DE9036 /* Main.storyboard in Resources */,
			);
			runOnlyForDeploymentPostprocessing = 0;
		};
/* End PBXResourcesBuildPhase section */

/* Begin PBXShellScriptBuildPhase section */
		37309C051F91E09B00DE9036 /* ShellScript */ = {
			isa = PBXShellScriptBuildPhase;
			buildActionMask = 2147483647;
			files = (
			);
			inputPaths = (
				"$(SRCROOT)/Carthage/Build/iOS/FacebookCore.framework",
				"$(SRCROOT)/Carthage/Build/iOS/FacebookLogin.framework",
				"$(SRCROOT)/Carthage/Build/iOS/FacebookShare.framework",
				"$(SRCROOT)/Carthage/Build/iOS/FBSDKLoginKit.framework",
				"$(SRCROOT)/Carthage/Build/iOS/FBSDKShareKit.framework",
				"$(SRCROOT)/Carthage/Build/iOS/FBSDKCoreKit.framework",
				"$(SRCROOT)/Carthage/Build/iOS/Bolts.framework",
			);
			outputPaths = (
			);
			runOnlyForDeploymentPostprocessing = 0;
			shellPath = /bin/sh;
			shellScript = "/usr/local/bin/carthage copy-frameworks";
		};
/* End PBXShellScriptBuildPhase section */

/* Begin PBXSourcesBuildPhase section */
		37309BDD1F91C1D900DE9036 /* Sources */ = {
			isa = PBXSourcesBuildPhase;
			buildActionMask = 2147483647;
			files = (
				37309BF71F91C41800DE9036 /* LoginViewController.swift in Sources */,
				37309BE51F91C1D900DE9036 /* AppDelegate.swift in Sources */,
				371AE8ED1F924F8E00276BFB /* HomeViewController.swift in Sources */,
			);
			runOnlyForDeploymentPostprocessing = 0;
		};
/* End PBXSourcesBuildPhase section */

/* Begin PBXVariantGroup section */
		37309BE81F91C1D900DE9036 /* Main.storyboard */ = {
			isa = PBXVariantGroup;
			children = (
				37309BE91F91C1D900DE9036 /* Base */,
			);
			name = Main.storyboard;
			sourceTree = "<group>";
		};
		37309BED1F91C1D900DE9036 /* LaunchScreen.storyboard */ = {
			isa = PBXVariantGroup;
			children = (
				37309BEE1F91C1D900DE9036 /* Base */,
			);
			name = LaunchScreen.storyboard;
			sourceTree = "<group>";
		};
/* End PBXVariantGroup section */

/* Begin XCBuildConfiguration section */
		37309BF11F91C1D900DE9036 /* Debug */ = {
			isa = XCBuildConfiguration;
			buildSettings = {
				ALWAYS_SEARCH_USER_PATHS = NO;
				CLANG_ANALYZER_NONNULL = YES;
				CLANG_ANALYZER_NUMBER_OBJECT_CONVERSION = YES_AGGRESSIVE;
				CLANG_CXX_LANGUAGE_STANDARD = "gnu++14";
				CLANG_CXX_LIBRARY = "libc++";
				CLANG_ENABLE_MODULES = YES;
				CLANG_ENABLE_OBJC_ARC = YES;
				CLANG_WARN_BLOCK_CAPTURE_AUTORELEASING = YES;
				CLANG_WARN_BOOL_CONVERSION = YES;
				CLANG_WARN_COMMA = YES;
				CLANG_WARN_CONSTANT_CONVERSION = YES;
				CLANG_WARN_DIRECT_OBJC_ISA_USAGE = YES_ERROR;
				CLANG_WARN_DOCUMENTATION_COMMENTS = YES;
				CLANG_WARN_EMPTY_BODY = YES;
				CLANG_WARN_ENUM_CONVERSION = YES;
				CLANG_WARN_INFINITE_RECURSION = YES;
				CLANG_WARN_INT_CONVERSION = YES;
				CLANG_WARN_NON_LITERAL_NULL_CONVERSION = YES;
				CLANG_WARN_OBJC_LITERAL_CONVERSION = YES;
				CLANG_WARN_OBJC_ROOT_CLASS = YES_ERROR;
				CLANG_WARN_RANGE_LOOP_ANALYSIS = YES;
				CLANG_WARN_STRICT_PROTOTYPES = YES;
				CLANG_WARN_SUSPICIOUS_MOVE = YES;
				CLANG_WARN_UNGUARDED_AVAILABILITY = YES_AGGRESSIVE;
				CLANG_WARN_UNREACHABLE_CODE = YES;
				CLANG_WARN__DUPLICATE_METHOD_MATCH = YES;
				CODE_SIGN_IDENTITY = "iPhone Developer";
				COPY_PHASE_STRIP = NO;
				DEBUG_INFORMATION_FORMAT = dwarf;
				ENABLE_STRICT_OBJC_MSGSEND = YES;
				ENABLE_TESTABILITY = YES;
				GCC_C_LANGUAGE_STANDARD = gnu11;
				GCC_DYNAMIC_NO_PIC = NO;
				GCC_NO_COMMON_BLOCKS = YES;
				GCC_OPTIMIZATION_LEVEL = 0;
				GCC_PREPROCESSOR_DEFINITIONS = (
					"DEBUG=1",
					"$(inherited)",
				);
				GCC_WARN_64_TO_32_BIT_CONVERSION = YES;
				GCC_WARN_ABOUT_RETURN_TYPE = YES_ERROR;
				GCC_WARN_UNDECLARED_SELECTOR = YES;
				GCC_WARN_UNINITIALIZED_AUTOS = YES_AGGRESSIVE;
				GCC_WARN_UNUSED_FUNCTION = YES;
				GCC_WARN_UNUSED_VARIABLE = YES;
				IPHONEOS_DEPLOYMENT_TARGET = 11.0;
				MTL_ENABLE_DEBUG_INFO = YES;
				ONLY_ACTIVE_ARCH = YES;
				SDKROOT = iphoneos;
				SWIFT_ACTIVE_COMPILATION_CONDITIONS = DEBUG;
				SWIFT_OPTIMIZATION_LEVEL = "-Onone";
			};
			name = Debug;
		};
		37309BF21F91C1D900DE9036 /* Release */ = {
			isa = XCBuildConfiguration;
			buildSettings = {
				ALWAYS_SEARCH_USER_PATHS = NO;
				CLANG_ANALYZER_NONNULL = YES;
				CLANG_ANALYZER_NUMBER_OBJECT_CONVERSION = YES_AGGRESSIVE;
				CLANG_CXX_LANGUAGE_STANDARD = "gnu++14";
				CLANG_CXX_LIBRARY = "libc++";
				CLANG_ENABLE_MODULES = YES;
				CLANG_ENABLE_OBJC_ARC = YES;
				CLANG_WARN_BLOCK_CAPTURE_AUTORELEASING = YES;
				CLANG_WARN_BOOL_CONVERSION = YES;
				CLANG_WARN_COMMA = YES;
				CLANG_WARN_CONSTANT_CONVERSION = YES;
				CLANG_WARN_DIRECT_OBJC_ISA_USAGE = YES_ERROR;
				CLANG_WARN_DOCUMENTATION_COMMENTS = YES;
				CLANG_WARN_EMPTY_BODY = YES;
				CLANG_WARN_ENUM_CONVERSION = YES;
				CLANG_WARN_INFINITE_RECURSION = YES;
				CLANG_WARN_INT_CONVERSION = YES;
				CLANG_WARN_NON_LITERAL_NULL_CONVERSION = YES;
				CLANG_WARN_OBJC_LITERAL_CONVERSION = YES;
				CLANG_WARN_OBJC_ROOT_CLASS = YES_ERROR;
				CLANG_WARN_RANGE_LOOP_ANALYSIS = YES;
				CLANG_WARN_STRICT_PROTOTYPES = YES;
				CLANG_WARN_SUSPICIOUS_MOVE = YES;
				CLANG_WARN_UNGUARDED_AVAILABILITY = YES_AGGRESSIVE;
				CLANG_WARN_UNREACHABLE_CODE = YES;
				CLANG_WARN__DUPLICATE_METHOD_MATCH = YES;
				CODE_SIGN_IDENTITY = "iPhone Developer";
				COPY_PHASE_STRIP = NO;
				DEBUG_INFORMATION_FORMAT = "dwarf-with-dsym";
				ENABLE_NS_ASSERTIONS = NO;
				ENABLE_STRICT_OBJC_MSGSEND = YES;
				GCC_C_LANGUAGE_STANDARD = gnu11;
				GCC_NO_COMMON_BLOCKS = YES;
				GCC_WARN_64_TO_32_BIT_CONVERSION = YES;
				GCC_WARN_ABOUT_RETURN_TYPE = YES_ERROR;
				GCC_WARN_UNDECLARED_SELECTOR = YES;
				GCC_WARN_UNINITIALIZED_AUTOS = YES_AGGRESSIVE;
				GCC_WARN_UNUSED_FUNCTION = YES;
				GCC_WARN_UNUSED_VARIABLE = YES;
				IPHONEOS_DEPLOYMENT_TARGET = 11.0;
				MTL_ENABLE_DEBUG_INFO = NO;
				SDKROOT = iphoneos;
				SWIFT_OPTIMIZATION_LEVEL = "-Owholemodule";
				VALIDATE_PRODUCT = YES;
			};
			name = Release;
		};
		37309BF41F91C1D900DE9036 /* Debug */ = {
			isa = XCBuildConfiguration;
			buildSettings = {
				ASSETCATALOG_COMPILER_APPICON_NAME = AppIcon;
				CODE_SIGN_ENTITLEMENTS = SmartNeighborhood/SmartNeighborhood.entitlements;
				CODE_SIGN_STYLE = Automatic;
				DEVELOPMENT_TEAM = "";
				FRAMEWORK_SEARCH_PATHS = (
					"$(inherited)",
					"$(PROJECT_DIR)/Carthage/Build/iOS",
				);
				INFOPLIST_FILE = SmartNeighborhood/Info.plist;
				LD_RUNPATH_SEARCH_PATHS = "$(inherited) @executable_path/Frameworks";
				PRODUCT_BUNDLE_IDENTIFIER = Rawls.SmartNeighborhood;
				PRODUCT_NAME = "$(TARGET_NAME)";
				SWIFT_VERSION = 4.0;
				TARGETED_DEVICE_FAMILY = "1,2";
			};
			name = Debug;
		};
		37309BF51F91C1D900DE9036 /* Release */ = {
			isa = XCBuildConfiguration;
			buildSettings = {
				ASSETCATALOG_COMPILER_APPICON_NAME = AppIcon;
				CODE_SIGN_ENTITLEMENTS = SmartNeighborhood/SmartNeighborhood.entitlements;
				CODE_SIGN_STYLE = Automatic;
				DEVELOPMENT_TEAM = "";
				FRAMEWORK_SEARCH_PATHS = (
					"$(inherited)",
					"$(PROJECT_DIR)/Carthage/Build/iOS",
				);
				INFOPLIST_FILE = SmartNeighborhood/Info.plist;
				LD_RUNPATH_SEARCH_PATHS = "$(inherited) @executable_path/Frameworks";
				PRODUCT_BUNDLE_IDENTIFIER = Rawls.SmartNeighborhood;
				PRODUCT_NAME = "$(TARGET_NAME)";
				SWIFT_VERSION = 4.0;
				TARGETED_DEVICE_FAMILY = "1,2";
			};
			name = Release;
		};
/* End XCBuildConfiguration section */

/* Begin XCConfigurationList section */
		37309BDC1F91C1D900DE9036 /* Build configuration list for PBXProject "SmartNeighborhood" */ = {
			isa = XCConfigurationList;
			buildConfigurations = (
				37309BF11F91C1D900DE9036 /* Debug */,
				37309BF21F91C1D900DE9036 /* Release */,
			);
			defaultConfigurationIsVisible = 0;
			defaultConfigurationName = Release;
		};
		37309BF31F91C1D900DE9036 /* Build configuration list for PBXNativeTarget "SmartNeighborhood" */ = {
			isa = XCConfigurationList;
			buildConfigurations = (
				37309BF41F91C1D900DE9036 /* Debug */,
				37309BF51F91C1D900DE9036 /* Release */,
			);
			defaultConfigurationIsVisible = 0;
			defaultConfigurationName = Release;
		};
/* End XCConfigurationList section */
	};
	rootObject = 37309BD91F91C1D900DE9036 /* Project object */;
}
