// !$*UTF8*$!
{
	archiveVersion = 1;
	classes = {
	};
	objectVersion = 48;
	objects = {

/* Begin PBXBuildFile section */
		371089B61F92B15100FF1DD9 /* CustomMarker.swift in Sources */ = {isa = PBXBuildFile; fileRef = 371089B51F92B15100FF1DD9 /* CustomMarker.swift */; };
		371089B81F9333A000FF1DD9 /* LandingViewController.swift in Sources */ = {isa = PBXBuildFile; fileRef = 371089B71F9333A000FF1DD9 /* LandingViewController.swift */; };
		371089BA1F93397B00FF1DD9 /* Carousel.storyboard in Resources */ = {isa = PBXBuildFile; fileRef = 371089B91F93397B00FF1DD9 /* Carousel.storyboard */; };
		371089BC1F9339A400FF1DD9 /* CarouselViewController.swift in Sources */ = {isa = PBXBuildFile; fileRef = 371089BB1F9339A400FF1DD9 /* CarouselViewController.swift */; };
		371AE8ED1F924F8E00276BFB /* HomeViewController.swift in Sources */ = {isa = PBXBuildFile; fileRef = 371AE8EC1F924F8E00276BFB /* HomeViewController.swift */; };
		371AE8EF1F92640E00276BFB /* UserModel.swift in Sources */ = {isa = PBXBuildFile; fileRef = 371AE8EE1F92640E00276BFB /* UserModel.swift */; };
		371AE8F81F92859800276BFB /* GoogleMapsBase.framework in Frameworks */ = {isa = PBXBuildFile; fileRef = 371AE8F71F92859700276BFB /* GoogleMapsBase.framework */; };
		371AE8FA1F9285A700276BFB /* GoogleMaps.framework in Frameworks */ = {isa = PBXBuildFile; fileRef = 371AE8F91F9285A700276BFB /* GoogleMaps.framework */; };
		371AE8FC1F9285B900276BFB /* GoogleMapsCore.framework in Frameworks */ = {isa = PBXBuildFile; fileRef = 371AE8FB1F9285B900276BFB /* GoogleMapsCore.framework */; };
		371AE8FE1F9285C400276BFB /* Accelerate.framework in Frameworks */ = {isa = PBXBuildFile; fileRef = 371AE8FD1F9285C400276BFB /* Accelerate.framework */; };
		371AE9001F9285CF00276BFB /* CoreData.framework in Frameworks */ = {isa = PBXBuildFile; fileRef = 371AE8FF1F9285CF00276BFB /* CoreData.framework */; };
		371AE9021F9285DA00276BFB /* CoreGraphics.framework in Frameworks */ = {isa = PBXBuildFile; fileRef = 371AE9011F9285DA00276BFB /* CoreGraphics.framework */; };
		371AE9041F9285ED00276BFB /* CoreLocation.framework in Frameworks */ = {isa = PBXBuildFile; fileRef = 371AE9031F9285ED00276BFB /* CoreLocation.framework */; };
		371AE9061F92860400276BFB /* CoreTelephony.framework in Frameworks */ = {isa = PBXBuildFile; fileRef = 371AE9051F92860300276BFB /* CoreTelephony.framework */; };
		371AE9081F92860B00276BFB /* CoreText.framework in Frameworks */ = {isa = PBXBuildFile; fileRef = 371AE9071F92860B00276BFB /* CoreText.framework */; };
		371AE90A1F92861300276BFB /* GLKit.framework in Frameworks */ = {isa = PBXBuildFile; fileRef = 371AE9091F92861300276BFB /* GLKit.framework */; };
		371AE90C1F92861E00276BFB /* ImageIO.framework in Frameworks */ = {isa = PBXBuildFile; fileRef = 371AE90B1F92861E00276BFB /* ImageIO.framework */; };
		371AE90E1F92863000276BFB /* libc++.tbd in Frameworks */ = {isa = PBXBuildFile; fileRef = 371AE90D1F92863000276BFB /* libc++.tbd */; };
		371AE9101F92863900276BFB /* libz.tbd in Frameworks */ = {isa = PBXBuildFile; fileRef = 371AE90F1F92863900276BFB /* libz.tbd */; };
		371AE9121F92864500276BFB /* OpenGLES.framework in Frameworks */ = {isa = PBXBuildFile; fileRef = 371AE9111F92864500276BFB /* OpenGLES.framework */; };
		371AE9141F92865000276BFB /* QuartzCore.framework in Frameworks */ = {isa = PBXBuildFile; fileRef = 371AE9131F92865000276BFB /* QuartzCore.framework */; };
		371AE9161F92865C00276BFB /* SystemConfiguration.framework in Frameworks */ = {isa = PBXBuildFile; fileRef = 371AE9151F92865C00276BFB /* SystemConfiguration.framework */; };
		371AE9181F92866300276BFB /* UIKit.framework in Frameworks */ = {isa = PBXBuildFile; fileRef = 371AE9171F92866300276BFB /* UIKit.framework */; };
		371AE91A1F92880A00276BFB /* GoogleMap.storyboard in Resources */ = {isa = PBXBuildFile; fileRef = 371AE9191F92880A00276BFB /* GoogleMap.storyboard */; };
		371AE91C1F92882A00276BFB /* MapsViewController.swift in Sources */ = {isa = PBXBuildFile; fileRef = 371AE91B1F92882A00276BFB /* MapsViewController.swift */; };
		371AE91E1F928E3100276BFB /* GoogleMaps.bundle in Resources */ = {isa = PBXBuildFile; fileRef = 371AE91D1F928DA400276BFB /* GoogleMaps.bundle */; };
		371AE9201F92A4C300276BFB /* MarkerDetailViewController.swift in Sources */ = {isa = PBXBuildFile; fileRef = 371AE91F1F92A4C300276BFB /* MarkerDetailViewController.swift */; };
		371AE9221F92A4FB00276BFB /* MarkerModel.swift in Sources */ = {isa = PBXBuildFile; fileRef = 371AE9211F92A4FB00276BFB /* MarkerModel.swift */; };
		37309BE51F91C1D900DE9036 /* AppDelegate.swift in Sources */ = {isa = PBXBuildFile; fileRef = 37309BE41F91C1D900DE9036 /* AppDelegate.swift */; };
		37309BEA1F91C1D900DE9036 /* Main.storyboard in Resources */ = {isa = PBXBuildFile; fileRef = 37309BE81F91C1D900DE9036 /* Main.storyboard */; };
		37309BEC1F91C1D900DE9036 /* Assets.xcassets in Resources */ = {isa = PBXBuildFile; fileRef = 37309BEB1F91C1D900DE9036 /* Assets.xcassets */; };
		37309BEF1F91C1D900DE9036 /* LaunchScreen.storyboard in Resources */ = {isa = PBXBuildFile; fileRef = 37309BED1F91C1D900DE9036 /* LaunchScreen.storyboard */; };
		37309BF71F91C41800DE9036 /* LoginViewController.swift in Sources */ = {isa = PBXBuildFile; fileRef = 37309BF61F91C41800DE9036 /* LoginViewController.swift */; };
		37309BFE1F91E06000DE9036 /* FacebookLogin.framework in Frameworks */ = {isa = PBXBuildFile; fileRef = 37309BF91F91E06000DE9036 /* FacebookLogin.framework */; };
		37309BFF1F91E06000DE9036 /* FBSDKLoginKit.framework in Frameworks */ = {isa = PBXBuildFile; fileRef = 37309BFA1F91E06000DE9036 /* FBSDKLoginKit.framework */; };
		37309C001F91E06000DE9036 /* FacebookShare.framework in Frameworks */ = {isa = PBXBuildFile; fileRef = 37309BFB1F91E06000DE9036 /* FacebookShare.framework */; };
		37309C011F91E06000DE9036 /* FacebookCore.framework in Frameworks */ = {isa = PBXBuildFile; fileRef = 37309BFC1F91E06000DE9036 /* FacebookCore.framework */; };
		37309C021F91E06000DE9036 /* FBSDKCoreKit.framework in Frameworks */ = {isa = PBXBuildFile; fileRef = 37309BFD1F91E06000DE9036 /* FBSDKCoreKit.framework */; };
		37309C041F91E07B00DE9036 /* FBSDKShareKit.framework in Frameworks */ = {isa = PBXBuildFile; fileRef = 37309C031F91E07B00DE9036 /* FBSDKShareKit.framework */; };
		37309C081F91E33300DE9036 /* Bolts.framework in Frameworks */ = {isa = PBXBuildFile; fileRef = 37309C071F91E33200DE9036 /* Bolts.framework */; };
/* End PBXBuildFile section */

/* Begin PBXFileReference section */
		371089B51F92B15100FF1DD9 /* CustomMarker.swift */ = {isa = PBXFileReference; lastKnownFileType = sourcecode.swift; path = CustomMarker.swift; sourceTree = "<group>"; };
		371089B71F9333A000FF1DD9 /* LandingViewController.swift */ = {isa = PBXFileReference; lastKnownFileType = sourcecode.swift; path = LandingViewController.swift; sourceTree = "<group>"; };
		371089B91F93397B00FF1DD9 /* Carousel.storyboard */ = {isa = PBXFileReference; lastKnownFileType = file.storyboard; path = Carousel.storyboard; sourceTree = "<group>"; };
		371089BB1F9339A400FF1DD9 /* CarouselViewController.swift */ = {isa = PBXFileReference; lastKnownFileType = sourcecode.swift; path = CarouselViewController.swift; sourceTree = "<group>"; };
		371AE8EC1F924F8E00276BFB /* HomeViewController.swift */ = {isa = PBXFileReference; lastKnownFileType = sourcecode.swift; path = HomeViewController.swift; sourceTree = "<group>"; };
		371AE8EE1F92640E00276BFB /* UserModel.swift */ = {isa = PBXFileReference; lastKnownFileType = sourcecode.swift; path = UserModel.swift; sourceTree = "<group>"; };
		371AE8F11F92848B00276BFB /* GoogleMapsBase.framework */ = {isa = PBXFileReference; lastKnownFileType = wrapper.framework; path = GoogleMapsBase.framework; sourceTree = "<group>"; };
		371AE8F21F9284A300276BFB /* GoogleMaps.framework */ = {isa = PBXFileReference; lastKnownFileType = wrapper.framework; path = GoogleMaps.framework; sourceTree = "<group>"; };
		371AE8F31F9284C500276BFB /* GoogleMapsCore.framework */ = {isa = PBXFileReference; lastKnownFileType = wrapper.framework; path = GoogleMapsCore.framework; sourceTree = "<group>"; };
		371AE8F51F92857E00276BFB /* Frameworks */ = {isa = PBXFileReference; lastKnownFileType = folder; name = Frameworks; path = "GoogleMaps-2.4.0/Base/Frameworks"; sourceTree = "<group>"; };
		371AE8F71F92859700276BFB /* GoogleMapsBase.framework */ = {isa = PBXFileReference; lastKnownFileType = wrapper.framework; name = GoogleMapsBase.framework; path = "GoogleMaps-2.4.0/Base/Frameworks/GoogleMapsBase.framework"; sourceTree = "<group>"; };
		371AE8F91F9285A700276BFB /* GoogleMaps.framework */ = {isa = PBXFileReference; lastKnownFileType = wrapper.framework; name = GoogleMaps.framework; path = "GoogleMaps-2.4.0/Maps/Frameworks/GoogleMaps.framework"; sourceTree = "<group>"; };
		371AE8FB1F9285B900276BFB /* GoogleMapsCore.framework */ = {isa = PBXFileReference; lastKnownFileType = wrapper.framework; name = GoogleMapsCore.framework; path = "GoogleMaps-2.4.0/Maps/Frameworks/GoogleMapsCore.framework"; sourceTree = "<group>"; };
		371AE8FD1F9285C400276BFB /* Accelerate.framework */ = {isa = PBXFileReference; lastKnownFileType = wrapper.framework; name = Accelerate.framework; path = System/Library/Frameworks/Accelerate.framework; sourceTree = SDKROOT; };
		371AE8FF1F9285CF00276BFB /* CoreData.framework */ = {isa = PBXFileReference; lastKnownFileType = wrapper.framework; name = CoreData.framework; path = System/Library/Frameworks/CoreData.framework; sourceTree = SDKROOT; };
		371AE9011F9285DA00276BFB /* CoreGraphics.framework */ = {isa = PBXFileReference; lastKnownFileType = wrapper.framework; name = CoreGraphics.framework; path = System/Library/Frameworks/CoreGraphics.framework; sourceTree = SDKROOT; };
		371AE9031F9285ED00276BFB /* CoreLocation.framework */ = {isa = PBXFileReference; lastKnownFileType = wrapper.framework; name = CoreLocation.framework; path = System/Library/Frameworks/CoreLocation.framework; sourceTree = SDKROOT; };
		371AE9051F92860300276BFB /* CoreTelephony.framework */ = {isa = PBXFileReference; lastKnownFileType = wrapper.framework; name = CoreTelephony.framework; path = System/Library/Frameworks/CoreTelephony.framework; sourceTree = SDKROOT; };
		371AE9071F92860B00276BFB /* CoreText.framework */ = {isa = PBXFileReference; lastKnownFileType = wrapper.framework; name = CoreText.framework; path = System/Library/Frameworks/CoreText.framework; sourceTree = SDKROOT; };
		371AE9091F92861300276BFB /* GLKit.framework */ = {isa = PBXFileReference; lastKnownFileType = wrapper.framework; name = GLKit.framework; path = System/Library/Frameworks/GLKit.framework; sourceTree = SDKROOT; };
		371AE90B1F92861E00276BFB /* ImageIO.framework */ = {isa = PBXFileReference; lastKnownFileType = wrapper.framework; name = ImageIO.framework; path = System/Library/Frameworks/ImageIO.framework; sourceTree = SDKROOT; };
		371AE90D1F92863000276BFB /* libc++.tbd */ = {isa = PBXFileReference; lastKnownFileType = "sourcecode.text-based-dylib-definition"; name = "libc++.tbd"; path = "usr/lib/libc++.tbd"; sourceTree = SDKROOT; };
		371AE90F1F92863900276BFB /* libz.tbd */ = {isa = PBXFileReference; lastKnownFileType = "sourcecode.text-based-dylib-definition"; name = libz.tbd; path = usr/lib/libz.tbd; sourceTree = SDKROOT; };
		371AE9111F92864500276BFB /* OpenGLES.framework */ = {isa = PBXFileReference; lastKnownFileType = wrapper.framework; name = OpenGLES.framework; path = System/Library/Frameworks/OpenGLES.framework; sourceTree = SDKROOT; };
		371AE9131F92865000276BFB /* QuartzCore.framework */ = {isa = PBXFileReference; lastKnownFileType = wrapper.framework; name = QuartzCore.framework; path = System/Library/Frameworks/QuartzCore.framework; sourceTree = SDKROOT; };
		371AE9151F92865C00276BFB /* SystemConfiguration.framework */ = {isa = PBXFileReference; lastKnownFileType = wrapper.framework; name = SystemConfiguration.framework; path = System/Library/Frameworks/SystemConfiguration.framework; sourceTree = SDKROOT; };
		371AE9171F92866300276BFB /* UIKit.framework */ = {isa = PBXFileReference; lastKnownFileType = wrapper.framework; name = UIKit.framework; path = System/Library/Frameworks/UIKit.framework; sourceTree = SDKROOT; };
		371AE9191F92880A00276BFB /* GoogleMap.storyboard */ = {isa = PBXFileReference; lastKnownFileType = file.storyboard; path = GoogleMap.storyboard; sourceTree = "<group>"; };
		371AE91B1F92882A00276BFB /* MapsViewController.swift */ = {isa = PBXFileReference; lastKnownFileType = sourcecode.swift; path = MapsViewController.swift; sourceTree = "<group>"; };
		371AE91D1F928DA400276BFB /* GoogleMaps.bundle */ = {isa = PBXFileReference; lastKnownFileType = "wrapper.plug-in"; name = GoogleMaps.bundle; path = "GoogleMaps-2.4.0/Maps/Frameworks/GoogleMaps.framework/Resources/GoogleMaps.bundle"; sourceTree = SOURCE_ROOT; };
		371AE91F1F92A4C300276BFB /* MarkerDetailViewController.swift */ = {isa = PBXFileReference; lastKnownFileType = sourcecode.swift; path = MarkerDetailViewController.swift; sourceTree = "<group>"; };
		371AE9211F92A4FB00276BFB /* MarkerModel.swift */ = {isa = PBXFileReference; lastKnownFileType = sourcecode.swift; path = MarkerModel.swift; sourceTree = "<group>"; };
		37309BE11F91C1D900DE9036 /* SmartNeighborhood.app */ = {isa = PBXFileReference; explicitFileType = wrapper.application; includeInIndex = 0; path = SmartNeighborhood.app; sourceTree = BUILT_PRODUCTS_DIR; };
		37309BE41F91C1D900DE9036 /* AppDelegate.swift */ = {isa = PBXFileReference; lastKnownFileType = sourcecode.swift; path = AppDelegate.swift; sourceTree = "<group>"; };
		37309BE91F91C1D900DE9036 /* Base */ = {isa = PBXFileReference; lastKnownFileType = file.storyboard; name = Base; path = Base.lproj/Main.storyboard; sourceTree = "<group>"; };
		37309BEB1F91C1D900DE9036 /* Assets.xcassets */ = {isa = PBXFileReference; lastKnownFileType = folder.assetcatalog; path = Assets.xcassets; sourceTree = "<group>"; };
		37309BEE1F91C1D900DE9036 /* Base */ = {isa = PBXFileReference; lastKnownFileType = file.storyboard; name = Base; path = Base.lproj/LaunchScreen.storyboard; sourceTree = "<group>"; };
		37309BF01F91C1D900DE9036 /* Info.plist */ = {isa = PBXFileReference; lastKnownFileType = text.plist.xml; path = Info.plist; sourceTree = "<group>"; };
		37309BF61F91C41800DE9036 /* LoginViewController.swift */ = {isa = PBXFileReference; lastKnownFileType = sourcecode.swift; path = LoginViewController.swift; sourceTree = "<group>"; };
		37309BF91F91E06000DE9036 /* FacebookLogin.framework */ = {isa = PBXFileReference; lastKnownFileType = wrapper.framework; name = FacebookLogin.framework; path = Carthage/Build/iOS/FacebookLogin.framework; sourceTree = "<group>"; };
		37309BFA1F91E06000DE9036 /* FBSDKLoginKit.framework */ = {isa = PBXFileReference; lastKnownFileType = wrapper.framework; name = FBSDKLoginKit.framework; path = Carthage/Build/iOS/FBSDKLoginKit.framework; sourceTree = "<group>"; };
		37309BFB1F91E06000DE9036 /* FacebookShare.framework */ = {isa = PBXFileReference; lastKnownFileType = wrapper.framework; name = FacebookShare.framework; path = Carthage/Build/iOS/FacebookShare.framework; sourceTree = "<group>"; };
		37309BFC1F91E06000DE9036 /* FacebookCore.framework */ = {isa = PBXFileReference; lastKnownFileType = wrapper.framework; name = FacebookCore.framework; path = Carthage/Build/iOS/FacebookCore.framework; sourceTree = "<group>"; };
		37309BFD1F91E06000DE9036 /* FBSDKCoreKit.framework */ = {isa = PBXFileReference; lastKnownFileType = wrapper.framework; name = FBSDKCoreKit.framework; path = Carthage/Build/iOS/FBSDKCoreKit.framework; sourceTree = "<group>"; };
		37309C031F91E07B00DE9036 /* FBSDKShareKit.framework */ = {isa = PBXFileReference; lastKnownFileType = wrapper.framework; name = FBSDKShareKit.framework; path = Carthage/Build/iOS/FBSDKShareKit.framework; sourceTree = "<group>"; };
		37309C071F91E33200DE9036 /* Bolts.framework */ = {isa = PBXFileReference; lastKnownFileType = wrapper.framework; name = Bolts.framework; path = Carthage/Build/iOS/Bolts.framework; sourceTree = "<group>"; };
		37309C091F922AF100DE9036 /* SmartNeighborhood.entitlements */ = {isa = PBXFileReference; lastKnownFileType = text.plist.entitlements; path = SmartNeighborhood.entitlements; sourceTree = "<group>"; };
/* End PBXFileReference section */

/* Begin PBXFrameworksBuildPhase section */
		37309BDE1F91C1D900DE9036 /* Frameworks */ = {
			isa = PBXFrameworksBuildPhase;
			buildActionMask = 2147483647;
			files = (
				371AE9181F92866300276BFB /* UIKit.framework in Frameworks */,
				371AE9161F92865C00276BFB /* SystemConfiguration.framework in Frameworks */,
				371AE9141F92865000276BFB /* QuartzCore.framework in Frameworks */,
				371AE9121F92864500276BFB /* OpenGLES.framework in Frameworks */,
				371AE9101F92863900276BFB /* libz.tbd in Frameworks */,
				371AE90E1F92863000276BFB /* libc++.tbd in Frameworks */,
				371AE90C1F92861E00276BFB /* ImageIO.framework in Frameworks */,
				371AE90A1F92861300276BFB /* GLKit.framework in Frameworks */,
				371AE9081F92860B00276BFB /* CoreText.framework in Frameworks */,
				371AE9061F92860400276BFB /* CoreTelephony.framework in Frameworks */,
				371AE9041F9285ED00276BFB /* CoreLocation.framework in Frameworks */,
				371AE9021F9285DA00276BFB /* CoreGraphics.framework in Frameworks */,
				371AE9001F9285CF00276BFB /* CoreData.framework in Frameworks */,
				371AE8FE1F9285C400276BFB /* Accelerate.framework in Frameworks */,
				371AE8FC1F9285B900276BFB /* GoogleMapsCore.framework in Frameworks */,
				371AE8FA1F9285A700276BFB /* GoogleMaps.framework in Frameworks */,
				371AE8F81F92859800276BFB /* GoogleMapsBase.framework in Frameworks */,
				37309C081F91E33300DE9036 /* Bolts.framework in Frameworks */,
				37309C041F91E07B00DE9036 /* FBSDKShareKit.framework in Frameworks */,
				37309BFE1F91E06000DE9036 /* FacebookLogin.framework in Frameworks */,
				37309BFF1F91E06000DE9036 /* FBSDKLoginKit.framework in Frameworks */,
				37309C001F91E06000DE9036 /* FacebookShare.framework in Frameworks */,
				37309C011F91E06000DE9036 /* FacebookCore.framework in Frameworks */,
				37309C021F91E06000DE9036 /* FBSDKCoreKit.framework in Frameworks */,
			);
			runOnlyForDeploymentPostprocessing = 0;
		};
/* End PBXFrameworksBuildPhase section */

/* Begin PBXGroup section */
		371AE8F01F92847800276BFB /* Google Frameworks */ = {
			isa = PBXGroup;
			children = (
				371AE91D1F928DA400276BFB /* GoogleMaps.bundle */,
				371AE8F31F9284C500276BFB /* GoogleMapsCore.framework */,
				371AE8F21F9284A300276BFB /* GoogleMaps.framework */,
				371AE8F11F92848B00276BFB /* GoogleMapsBase.framework */,
			);
			path = "Google Frameworks";
			sourceTree = "<group>";
		};
		371AE9231F92A7D900276BFB /* Map */ = {
			isa = PBXGroup;
			children = (
				371AE9191F92880A00276BFB /* GoogleMap.storyboard */,
				371AE8EC1F924F8E00276BFB /* HomeViewController.swift */,
				371AE91B1F92882A00276BFB /* MapsViewController.swift */,
				371089B51F92B15100FF1DD9 /* CustomMarker.swift */,
				371AE9211F92A4FB00276BFB /* MarkerModel.swift */,
				371AE91F1F92A4C300276BFB /* MarkerDetailViewController.swift */,
			);
			path = Map;
			sourceTree = "<group>";
		};
		371AE9241F92A83600276BFB /* User */ = {
			isa = PBXGroup;
			children = (
				37309BE81F91C1D900DE9036 /* Main.storyboard */,
				371089B91F93397B00FF1DD9 /* Carousel.storyboard */,
				371089BB1F9339A400FF1DD9 /* CarouselViewController.swift */,
				371089B71F9333A000FF1DD9 /* LandingViewController.swift */,
				37309BF61F91C41800DE9036 /* LoginViewController.swift */,
				371AE8EE1F92640E00276BFB /* UserModel.swift */,
			);
			path = User;
			sourceTree = "<group>";
		};
		37309BD81F91C1D900DE9036 = {
			isa = PBXGroup;
			children = (
				37309BE31F91C1D900DE9036 /* SmartNeighborhood */,
				37309BE21F91C1D900DE9036 /* Products */,
				371AE8F01F92847800276BFB /* Google Frameworks */,
				37309BF81F91E05F00DE9036 /* Frameworks */,
			);
			sourceTree = "<group>";
		};
		37309BE21F91C1D900DE9036 /* Products */ = {
			isa = PBXGroup;
			children = (
				37309BE11F91C1D900DE9036 /* SmartNeighborhood.app */,
			);
			name = Products;
			sourceTree = "<group>";
		};
		37309BE31F91C1D900DE9036 /* SmartNeighborhood */ = {
			isa = PBXGroup;
			children = (
				37309C091F922AF100DE9036 /* SmartNeighborhood.entitlements */,
				37309BEB1F91C1D900DE9036 /* Assets.xcassets */,
				37309BED1F91C1D900DE9036 /* LaunchScreen.storyboard */,
				37309BF01F91C1D900DE9036 /* Info.plist */,
				37309BE41F91C1D900DE9036 /* AppDelegate.swift */,
				371AE9241F92A83600276BFB /* User */,
				371AE9231F92A7D900276BFB /* Map */,
			);
			path = SmartNeighborhood;
			sourceTree = "<group>";
		};
		37309BF81F91E05F00DE9036 /* Frameworks */ = {
			isa = PBXGroup;
			children = (
				371AE9171F92866300276BFB /* UIKit.framework */,
				371AE9151F92865C00276BFB /* SystemConfiguration.framework */,
				371AE9131F92865000276BFB /* QuartzCore.framework */,
				371AE9111F92864500276BFB /* OpenGLES.framework */,
				371AE90F1F92863900276BFB /* libz.tbd */,
				371AE90D1F92863000276BFB /* libc++.tbd */,
				371AE90B1F92861E00276BFB /* ImageIO.framework */,
				371AE9091F92861300276BFB /* GLKit.framework */,
				371AE9071F92860B00276BFB /* CoreText.framework */,
				371AE9051F92860300276BFB /* CoreTelephony.framework */,
				371AE9031F9285ED00276BFB /* CoreLocation.framework */,
				371AE9011F9285DA00276BFB /* CoreGraphics.framework */,
				371AE8FF1F9285CF00276BFB /* CoreData.framework */,
				371AE8FD1F9285C400276BFB /* Accelerate.framework */,
				371AE8FB1F9285B900276BFB /* GoogleMapsCore.framework */,
				371AE8F91F9285A700276BFB /* GoogleMaps.framework */,
				371AE8F71F92859700276BFB /* GoogleMapsBase.framework */,
				371AE8F51F92857E00276BFB /* Frameworks */,
				37309C071F91E33200DE9036 /* Bolts.framework */,
				37309C031F91E07B00DE9036 /* FBSDKShareKit.framework */,
				37309BFC1F91E06000DE9036 /* FacebookCore.framework */,
				37309BF91F91E06000DE9036 /* FacebookLogin.framework */,
				37309BFB1F91E06000DE9036 /* FacebookShare.framework */,
				37309BFD1F91E06000DE9036 /* FBSDKCoreKit.framework */,
				37309BFA1F91E06000DE9036 /* FBSDKLoginKit.framework */,
			);
			name = Frameworks;
			sourceTree = "<group>";
		};
/* End PBXGroup section */

/* Begin PBXNativeTarget section */
		37309BE01F91C1D900DE9036 /* SmartNeighborhood */ = {
			isa = PBXNativeTarget;
			buildConfigurationList = 37309BF31F91C1D900DE9036 /* Build configuration list for PBXNativeTarget "SmartNeighborhood" */;
			buildPhases = (
				37309BDD1F91C1D900DE9036 /* Sources */,
				37309BDE1F91C1D900DE9036 /* Frameworks */,
				37309BDF1F91C1D900DE9036 /* Resources */,
				37309C051F91E09B00DE9036 /* ShellScript */,
			);
			buildRules = (
			);
			dependencies = (
			);
			name = SmartNeighborhood;
			productName = SmartNeighborhood;
			productReference = 37309BE11F91C1D900DE9036 /* SmartNeighborhood.app */;
			productType = "com.apple.product-type.application";
		};
/* End PBXNativeTarget section */

/* Begin PBXProject section */
		37309BD91F91C1D900DE9036 /* Project object */ = {
			isa = PBXProject;
			attributes = {
				LastSwiftUpdateCheck = 0900;
				LastUpgradeCheck = 0900;
				ORGANIZATIONNAME = "Amanda Rawls";
				TargetAttributes = {
					37309BE01F91C1D900DE9036 = {
						CreatedOnToolsVersion = 9.0;
						ProvisioningStyle = Automatic;
						SystemCapabilities = {
							com.apple.Keychain = {
								enabled = 0;
							};
							com.apple.Maps.iOS = {
								enabled = 0;
							};
							com.apple.Push = {
								enabled = 1;
							};
						};
					};
				};
			};
			buildConfigurationList = 37309BDC1F91C1D900DE9036 /* Build configuration list for PBXProject "SmartNeighborhood" */;
			compatibilityVersion = "Xcode 8.0";
			developmentRegion = en;
			hasScannedForEncodings = 0;
			knownRegions = (
				en,
				Base,
			);
			mainGroup = 37309BD81F91C1D900DE9036;
			productRefGroup = 37309BE21F91C1D900DE9036 /* Products */;
			projectDirPath = "";
			projectRoot = "";
			targets = (
				37309BE01F91C1D900DE9036 /* SmartNeighborhood */,
			);
		};
/* End PBXProject section */

/* Begin PBXResourcesBuildPhase section */
		37309BDF1F91C1D900DE9036 /* Resources */ = {
			isa = PBXResourcesBuildPhase;
			buildActionMask = 2147483647;
			files = (
				371AE91E1F928E3100276BFB /* GoogleMaps.bundle in Resources */,
				37309BEF1F91C1D900DE9036 /* LaunchScreen.storyboard in Resources */,
				37309BEC1F91C1D900DE9036 /* Assets.xcassets in Resources */,
				371AE91A1F92880A00276BFB /* GoogleMap.storyboard in Resources */,
				371089BA1F93397B00FF1DD9 /* Carousel.storyboard in Resources */,
				37309BEA1F91C1D900DE9036 /* Main.storyboard in Resources */,
			);
			runOnlyForDeploymentPostprocessing = 0;
		};
/* End PBXResourcesBuildPhase section */

/* Begin PBXShellScriptBuildPhase section */
		37309C051F91E09B00DE9036 /* ShellScript */ = {
			isa = PBXShellScriptBuildPhase;
			buildActionMask = 2147483647;
			files = (
			);
			inputPaths = (
				"$(SRCROOT)/Carthage/Build/iOS/FacebookCore.framework",
				"$(SRCROOT)/Carthage/Build/iOS/FacebookLogin.framework",
				"$(SRCROOT)/Carthage/Build/iOS/FacebookShare.framework",
				"$(SRCROOT)/Carthage/Build/iOS/FBSDKLoginKit.framework",
				"$(SRCROOT)/Carthage/Build/iOS/FBSDKShareKit.framework",
				"$(SRCROOT)/Carthage/Build/iOS/FBSDKCoreKit.framework",
				"$(SRCROOT)/Carthage/Build/iOS/Bolts.framework",
			);
			outputPaths = (
			);
			runOnlyForDeploymentPostprocessing = 0;
			shellPath = /bin/sh;
			shellScript = "/usr/local/bin/carthage copy-frameworks";
		};
/* End PBXShellScriptBuildPhase section */

/* Begin PBXSourcesBuildPhase section */
		37309BDD1F91C1D900DE9036 /* Sources */ = {
			isa = PBXSourcesBuildPhase;
			buildActionMask = 2147483647;
			files = (
				371089BC1F9339A400FF1DD9 /* CarouselViewController.swift in Sources */,
				371AE91C1F92882A00276BFB /* MapsViewController.swift in Sources */,
				37309BF71F91C41800DE9036 /* LoginViewController.swift in Sources */,
				371089B61F92B15100FF1DD9 /* CustomMarker.swift in Sources */,
				37309BE51F91C1D900DE9036 /* AppDelegate.swift in Sources */,
				371AE8EF1F92640E00276BFB /* UserModel.swift in Sources */,
				371AE9201F92A4C300276BFB /* MarkerDetailViewController.swift in Sources */,
				371AE9221F92A4FB00276BFB /* MarkerModel.swift in Sources */,
				371089B81F9333A000FF1DD9 /* LandingViewController.swift in Sources */,
				371AE8ED1F924F8E00276BFB /* HomeViewController.swift in Sources */,
			);
			runOnlyForDeploymentPostprocessing = 0;
		};
/* End PBXSourcesBuildPhase section */

/* Begin PBXVariantGroup section */
		37309BE81F91C1D900DE9036 /* Main.storyboard */ = {
			isa = PBXVariantGroup;
			children = (
				37309BE91F91C1D900DE9036 /* Base */,
			);
			name = Main.storyboard;
			sourceTree = "<group>";
		};
		37309BED1F91C1D900DE9036 /* LaunchScreen.storyboard */ = {
			isa = PBXVariantGroup;
			children = (
				37309BEE1F91C1D900DE9036 /* Base */,
			);
			name = LaunchScreen.storyboard;
			sourceTree = "<group>";
		};
/* End PBXVariantGroup section */

/* Begin XCBuildConfiguration section */
		37309BF11F91C1D900DE9036 /* Debug */ = {
			isa = XCBuildConfiguration;
			buildSettings = {
				ALWAYS_SEARCH_USER_PATHS = NO;
				CLANG_ANALYZER_NONNULL = YES;
				CLANG_ANALYZER_NUMBER_OBJECT_CONVERSION = YES_AGGRESSIVE;
				CLANG_CXX_LANGUAGE_STANDARD = "gnu++14";
				CLANG_CXX_LIBRARY = "libc++";
				CLANG_ENABLE_MODULES = YES;
				CLANG_ENABLE_OBJC_ARC = YES;
				CLANG_WARN_BLOCK_CAPTURE_AUTORELEASING = YES;
				CLANG_WARN_BOOL_CONVERSION = YES;
				CLANG_WARN_COMMA = YES;
				CLANG_WARN_CONSTANT_CONVERSION = YES;
				CLANG_WARN_DIRECT_OBJC_ISA_USAGE = YES_ERROR;
				CLANG_WARN_DOCUMENTATION_COMMENTS = YES;
				CLANG_WARN_EMPTY_BODY = YES;
				CLANG_WARN_ENUM_CONVERSION = YES;
				CLANG_WARN_INFINITE_RECURSION = YES;
				CLANG_WARN_INT_CONVERSION = YES;
				CLANG_WARN_NON_LITERAL_NULL_CONVERSION = YES;
				CLANG_WARN_OBJC_LITERAL_CONVERSION = YES;
				CLANG_WARN_OBJC_ROOT_CLASS = YES_ERROR;
				CLANG_WARN_RANGE_LOOP_ANALYSIS = YES;
				CLANG_WARN_STRICT_PROTOTYPES = YES;
				CLANG_WARN_SUSPICIOUS_MOVE = YES;
				CLANG_WARN_UNGUARDED_AVAILABILITY = YES_AGGRESSIVE;
				CLANG_WARN_UNREACHABLE_CODE = YES;
				CLANG_WARN__DUPLICATE_METHOD_MATCH = YES;
				CODE_SIGN_IDENTITY = "iPhone Developer";
				COPY_PHASE_STRIP = NO;
				DEBUG_INFORMATION_FORMAT = dwarf;
				ENABLE_STRICT_OBJC_MSGSEND = YES;
				ENABLE_TESTABILITY = YES;
				GCC_C_LANGUAGE_STANDARD = gnu11;
				GCC_DYNAMIC_NO_PIC = NO;
				GCC_NO_COMMON_BLOCKS = YES;
				GCC_OPTIMIZATION_LEVEL = 0;
				GCC_PREPROCESSOR_DEFINITIONS = (
					"DEBUG=1",
					"$(inherited)",
				);
				GCC_WARN_64_TO_32_BIT_CONVERSION = YES;
				GCC_WARN_ABOUT_RETURN_TYPE = YES_ERROR;
				GCC_WARN_UNDECLARED_SELECTOR = YES;
				GCC_WARN_UNINITIALIZED_AUTOS = YES_AGGRESSIVE;
				GCC_WARN_UNUSED_FUNCTION = YES;
				GCC_WARN_UNUSED_VARIABLE = YES;
				IPHONEOS_DEPLOYMENT_TARGET = 11.0;
				MTL_ENABLE_DEBUG_INFO = YES;
				ONLY_ACTIVE_ARCH = YES;
				"OTHER_LDFLAGS[arch=*]" = "-ObjC";
				SDKROOT = iphoneos;
				SWIFT_ACTIVE_COMPILATION_CONDITIONS = DEBUG;
				SWIFT_OPTIMIZATION_LEVEL = "-Onone";
			};
			name = Debug;
		};
		37309BF21F91C1D900DE9036 /* Release */ = {
			isa = XCBuildConfiguration;
			buildSettings = {
				ALWAYS_SEARCH_USER_PATHS = NO;
				CLANG_ANALYZER_NONNULL = YES;
				CLANG_ANALYZER_NUMBER_OBJECT_CONVERSION = YES_AGGRESSIVE;
				CLANG_CXX_LANGUAGE_STANDARD = "gnu++14";
				CLANG_CXX_LIBRARY = "libc++";
				CLANG_ENABLE_MODULES = YES;
				CLANG_ENABLE_OBJC_ARC = YES;
				CLANG_WARN_BLOCK_CAPTURE_AUTORELEASING = YES;
				CLANG_WARN_BOOL_CONVERSION = YES;
				CLANG_WARN_COMMA = YES;
				CLANG_WARN_CONSTANT_CONVERSION = YES;
				CLANG_WARN_DIRECT_OBJC_ISA_USAGE = YES_ERROR;
				CLANG_WARN_DOCUMENTATION_COMMENTS = YES;
				CLANG_WARN_EMPTY_BODY = YES;
				CLANG_WARN_ENUM_CONVERSION = YES;
				CLANG_WARN_INFINITE_RECURSION = YES;
				CLANG_WARN_INT_CONVERSION = YES;
				CLANG_WARN_NON_LITERAL_NULL_CONVERSION = YES;
				CLANG_WARN_OBJC_LITERAL_CONVERSION = YES;
				CLANG_WARN_OBJC_ROOT_CLASS = YES_ERROR;
				CLANG_WARN_RANGE_LOOP_ANALYSIS = YES;
				CLANG_WARN_STRICT_PROTOTYPES = YES;
				CLANG_WARN_SUSPICIOUS_MOVE = YES;
				CLANG_WARN_UNGUARDED_AVAILABILITY = YES_AGGRESSIVE;
				CLANG_WARN_UNREACHABLE_CODE = YES;
				CLANG_WARN__DUPLICATE_METHOD_MATCH = YES;
				CODE_SIGN_IDENTITY = "iPhone Developer";
				COPY_PHASE_STRIP = NO;
				DEBUG_INFORMATION_FORMAT = "dwarf-with-dsym";
				ENABLE_NS_ASSERTIONS = NO;
				ENABLE_STRICT_OBJC_MSGSEND = YES;
				GCC_C_LANGUAGE_STANDARD = gnu11;
				GCC_NO_COMMON_BLOCKS = YES;
				GCC_WARN_64_TO_32_BIT_CONVERSION = YES;
				GCC_WARN_ABOUT_RETURN_TYPE = YES_ERROR;
				GCC_WARN_UNDECLARED_SELECTOR = YES;
				GCC_WARN_UNINITIALIZED_AUTOS = YES_AGGRESSIVE;
				GCC_WARN_UNUSED_FUNCTION = YES;
				GCC_WARN_UNUSED_VARIABLE = YES;
				IPHONEOS_DEPLOYMENT_TARGET = 11.0;
				MTL_ENABLE_DEBUG_INFO = NO;
				"OTHER_LDFLAGS[arch=*]" = "-ObjC";
				SDKROOT = iphoneos;
				SWIFT_OPTIMIZATION_LEVEL = "-Owholemodule";
				VALIDATE_PRODUCT = YES;
			};
			name = Release;
		};
		37309BF41F91C1D900DE9036 /* Debug */ = {
			isa = XCBuildConfiguration;
			buildSettings = {
				ASSETCATALOG_COMPILER_APPICON_NAME = AppIcon;
				CODE_SIGN_ENTITLEMENTS = SmartNeighborhood/SmartNeighborhood.entitlements;
				CODE_SIGN_STYLE = Automatic;
				DEVELOPMENT_TEAM = "";
				FRAMEWORK_SEARCH_PATHS = (
					"$(inherited)",
					"$(PROJECT_DIR)/Carthage/Build/iOS",
					"$(PROJECT_DIR)/GoogleMaps-2.4.0/Base/Frameworks",
					"$(PROJECT_DIR)/GoogleMaps-2.4.0/Maps/Frameworks",
				);
				INFOPLIST_FILE = SmartNeighborhood/Info.plist;
				LD_RUNPATH_SEARCH_PATHS = "$(inherited) @executable_path/Frameworks";
				PRODUCT_BUNDLE_IDENTIFIER = Rawls.SmartNeighborhood;
				PRODUCT_NAME = "$(TARGET_NAME)";
				SWIFT_VERSION = 4.0;
				TARGETED_DEVICE_FAMILY = "1,2";
			};
			name = Debug;
		};
		37309BF51F91C1D900DE9036 /* Release */ = {
			isa = XCBuildConfiguration;
			buildSettings = {
				ASSETCATALOG_COMPILER_APPICON_NAME = AppIcon;
				CODE_SIGN_ENTITLEMENTS = SmartNeighborhood/SmartNeighborhood.entitlements;
				CODE_SIGN_STYLE = Automatic;
				DEVELOPMENT_TEAM = "";
				FRAMEWORK_SEARCH_PATHS = (
					"$(inherited)",
					"$(PROJECT_DIR)/Carthage/Build/iOS",
					"$(PROJECT_DIR)/GoogleMaps-2.4.0/Base/Frameworks",
					"$(PROJECT_DIR)/GoogleMaps-2.4.0/Maps/Frameworks",
				);
				INFOPLIST_FILE = SmartNeighborhood/Info.plist;
				LD_RUNPATH_SEARCH_PATHS = "$(inherited) @executable_path/Frameworks";
				PRODUCT_BUNDLE_IDENTIFIER = Rawls.SmartNeighborhood;
				PRODUCT_NAME = "$(TARGET_NAME)";
				SWIFT_VERSION = 4.0;
				TARGETED_DEVICE_FAMILY = "1,2";
			};
			name = Release;
		};
/* End XCBuildConfiguration section */

/* Begin XCConfigurationList section */
		37309BDC1F91C1D900DE9036 /* Build configuration list for PBXProject "SmartNeighborhood" */ = {
			isa = XCConfigurationList;
			buildConfigurations = (
				37309BF11F91C1D900DE9036 /* Debug */,
				37309BF21F91C1D900DE9036 /* Release */,
			);
			defaultConfigurationIsVisible = 0;
			defaultConfigurationName = Release;
		};
		37309BF31F91C1D900DE9036 /* Build configuration list for PBXNativeTarget "SmartNeighborhood" */ = {
			isa = XCConfigurationList;
			buildConfigurations = (
				37309BF41F91C1D900DE9036 /* Debug */,
				37309BF51F91C1D900DE9036 /* Release */,
			);
			defaultConfigurationIsVisible = 0;
			defaultConfigurationName = Release;
		};
/* End XCConfigurationList section */
	};
	rootObject = 37309BD91F91C1D900DE9036 /* Project object */;
}
